{
  "name": "@jlongyam/sys",
  "version": "0.1.0",
  "lockfileVersion": 3,
  "requires": true,
  "packages": {
    "": {
      "name": "@jlongyam/sys",
      "version": "0.1.0",
      "license": "MIT",
      "devDependencies": {
        "version-next": "^1.0.2"
      }
    },
    "node_modules/version-next": {
      "version": "1.0.2",
      "resolved": "https://registry.npmjs.org/version-next/-/version-next-1.0.2.tgz",
      "integrity": "sha512-usGZc9nJ9Xp5uOYRV8O4ppND0+0rKj82zOIsj4CJPX/yDXlzF5gi+tjq4Mbo7Wcnj48shrUTAFLit/XyCNvlcQ==",
      "dev": true,
      "license": "MIT",
      "engines": {
        "node": ">=16.6.0"
      }
    }
  }
}
